
Microsoft Visual Studio Solution File, Format Version 12.00
# Visual Studio Version 16
VisualStudioVersion = 16.0.31229.75
MinimumVisualStudioVersion = 10.0.40219.1
Project("{FAE04EC0-301F-11D3-BF4B-00C04F79EFBC}") = "Cafe.UI", "Cafe.UI\Cafe.UI.csproj", "{CA52877B-006C-4911-8803-3F8C17187B49}"
EndProject
Project("{2150E333-8FDC-42A3-9474-1A3956D46DE8}") = "Challenge1Cafe", "Challenge1Cafe", "{0DFE272A-F760-4F66-AC10-38DE74A5BF0F}"
EndProject
Project("{2150E333-8FDC-42A3-9474-1A3956D46DE8}") = "Challenge2Claims", "Challenge2Claims", "{86858F5A-E745-467B-A441-9528F2929D83}"
EndProject
Project("{2150E333-8FDC-42A3-9474-1A3956D46DE8}") = "Challenge3Badges", "Challenge3Badges", "{6CC6D2BC-7BB1-4FD2-BF70-274CCC2A498F}"
EndProject
Project("{FAE04EC0-301F-11D3-BF4B-00C04F79EFBC}") = "Cafe.Models", "Cafe.Models\Cafe.Models.csproj", "{4A77A812-C884-446B-911F-04A9A88BD5C4}"
EndProject
Project("{FAE04EC0-301F-11D3-BF4B-00C04F79EFBC}") = "Cafe.Repos", "Cafe.Repos\Cafe.Repos.csproj", "{0C7243F5-2826-491A-9AB4-AE190C096D1F}"
EndProject
Project("{FAE04EC0-301F-11D3-BF4B-00C04F79EFBC}") = "Cafe.UnitTests", "Cafe.UnitTests\Cafe.UnitTests.csproj", "{513635E0-65E5-4F2E-B2D0-A3A3F4C3AEDF}"
EndProject
Project("{FAE04EC0-301F-11D3-BF4B-00C04F79EFBC}") = "Claims.Models", "Claims.Models\Claims.Models.csproj", "{FD870C91-3E92-4BE2-BB3C-CB7AC9F582C2}"
EndProject
Project("{FAE04EC0-301F-11D3-BF4B-00C04F79EFBC}") = "Claim.Repos", "ClaimRepository\Claim.Repos.csproj", "{4F79012B-218A-47FF-8D41-E5F279DCEDB3}"
EndProject
Project("{FAE04EC0-301F-11D3-BF4B-00C04F79EFBC}") = "Claims.UnitTests", "Claims.UnitTests\Claims.UnitTests.csproj", "{2D1E6D36-E00A-49EB-A660-65EA208B4BAC}"
EndProject
Project("{FAE04EC0-301F-11D3-BF4B-00C04F79EFBC}") = "Claims.UI", "Claims.UI\Claims.UI.csproj", "{2D9366CC-BE19-41A7-A795-C1332C0637D4}"
EndProject
Project("{FAE04EC0-301F-11D3-BF4B-00C04F79EFBC}") = "Badges.Models", "Badges.Models\Badges.Models.csproj", "{AD483CEB-6AE7-4A4F-A5EC-AA36DC404A49}"
EndProject
Project("{FAE04EC0-301F-11D3-BF4B-00C04F79EFBC}") = "Badges.Repos", "Badges.Repos\Badges.Repos.csproj", "{5181F362-4A36-4E95-9C39-6F799EE87A0A}"
EndProject
Project("{FAE04EC0-301F-11D3-BF4B-00C04F79EFBC}") = "Badges.UI", "Badges.UI\Badges.UI.csproj", "{EEA74F3C-F9C0-4C9E-98BB-7C51ECC51D69}"
EndProject
Project("{FAE04EC0-301F-11D3-BF4B-00C04F79EFBC}") = "Badges.UnitTests", "Badges.UnitTests\Badges.UnitTests.csproj", "{9ACD588C-1767-417C-A8B3-41A4281DFC8A}"
EndProject
Global
	GlobalSection(SolutionConfigurationPlatforms) = preSolution
		Debug|Any CPU = Debug|Any CPU
		Release|Any CPU = Release|Any CPU
	EndGlobalSection
	GlobalSection(ProjectConfigurationPlatforms) = postSolution
		{CA52877B-006C-4911-8803-3F8C17187B49}.Debug|Any CPU.ActiveCfg = Debug|Any CPU
		{CA52877B-006C-4911-8803-3F8C17187B49}.Debug|Any CPU.Build.0 = Debug|Any CPU
		{CA52877B-006C-4911-8803-3F8C17187B49}.Release|Any CPU.ActiveCfg = Release|Any CPU
		{CA52877B-006C-4911-8803-3F8C17187B49}.Release|Any CPU.Build.0 = Release|Any CPU
		{4A77A812-C884-446B-911F-04A9A88BD5C4}.Debug|Any CPU.ActiveCfg = Debug|Any CPU
		{4A77A812-C884-446B-911F-04A9A88BD5C4}.Debug|Any CPU.Build.0 = Debug|Any CPU
		{4A77A812-C884-446B-911F-04A9A88BD5C4}.Release|Any CPU.ActiveCfg = Release|Any CPU
		{4A77A812-C884-446B-911F-04A9A88BD5C4}.Release|Any CPU.Build.0 = Release|Any CPU
		{0C7243F5-2826-491A-9AB4-AE190C096D1F}.Debug|Any CPU.ActiveCfg = Debug|Any CPU
		{0C7243F5-2826-491A-9AB4-AE190C096D1F}.Debug|Any CPU.Build.0 = Debug|Any CPU
		{0C7243F5-2826-491A-9AB4-AE190C096D1F}.Release|Any CPU.ActiveCfg = Release|Any CPU
		{0C7243F5-2826-491A-9AB4-AE190C096D1F}.Release|Any CPU.Build.0 = Release|Any CPU
		{513635E0-65E5-4F2E-B2D0-A3A3F4C3AEDF}.Debug|Any CPU.ActiveCfg = Debug|Any CPU
		{513635E0-65E5-4F2E-B2D0-A3A3F4C3AEDF}.Debug|Any CPU.Build.0 = Debug|Any CPU
		{513635E0-65E5-4F2E-B2D0-A3A3F4C3AEDF}.Release|Any CPU.ActiveCfg = Release|Any CPU
		{513635E0-65E5-4F2E-B2D0-A3A3F4C3AEDF}.Release|Any CPU.Build.0 = Release|Any CPU
		{FD870C91-3E92-4BE2-BB3C-CB7AC9F582C2}.Debug|Any CPU.ActiveCfg = Debug|Any CPU
		{FD870C91-3E92-4BE2-BB3C-CB7AC9F582C2}.Debug|Any CPU.Build.0 = Debug|Any CPU
		{FD870C91-3E92-4BE2-BB3C-CB7AC9F582C2}.Release|Any CPU.ActiveCfg = Release|Any CPU
		{FD870C91-3E92-4BE2-BB3C-CB7AC9F582C2}.Release|Any CPU.Build.0 = Release|Any CPU
		{4F79012B-218A-47FF-8D41-E5F279DCEDB3}.Debug|Any CPU.ActiveCfg = Debug|Any CPU
		{4F79012B-218A-47FF-8D41-E5F279DCEDB3}.Debug|Any CPU.Build.0 = Debug|Any CPU
		{4F79012B-218A-47FF-8D41-E5F279DCEDB3}.Release|Any CPU.ActiveCfg = Release|Any CPU
		{4F79012B-218A-47FF-8D41-E5F279DCEDB3}.Release|Any CPU.Build.0 = Release|Any CPU
		{2D1E6D36-E00A-49EB-A660-65EA208B4BAC}.Debug|Any CPU.ActiveCfg = Debug|Any CPU
		{2D1E6D36-E00A-49EB-A660-65EA208B4BAC}.Debug|Any CPU.Build.0 = Debug|Any CPU
		{2D1E6D36-E00A-49EB-A660-65EA208B4BAC}.Release|Any CPU.ActiveCfg = Release|Any CPU
		{2D1E6D36-E00A-49EB-A660-65EA208B4BAC}.Release|Any CPU.Build.0 = Release|Any CPU
		{2D9366CC-BE19-41A7-A795-C1332C0637D4}.Debug|Any CPU.ActiveCfg = Debug|Any CPU
		{2D9366CC-BE19-41A7-A795-C1332C0637D4}.Debug|Any CPU.Build.0 = Debug|Any CPU
		{2D9366CC-BE19-41A7-A795-C1332C0637D4}.Release|Any CPU.ActiveCfg = Release|Any CPU
		{2D9366CC-BE19-41A7-A795-C1332C0637D4}.Release|Any CPU.Build.0 = Release|Any CPU
		{AD483CEB-6AE7-4A4F-A5EC-AA36DC404A49}.Debug|Any CPU.ActiveCfg = Debug|Any CPU
		{AD483CEB-6AE7-4A4F-A5EC-AA36DC404A49}.Debug|Any CPU.Build.0 = Debug|Any CPU
		{AD483CEB-6AE7-4A4F-A5EC-AA36DC404A49}.Release|Any CPU.ActiveCfg = Release|Any CPU
		{AD483CEB-6AE7-4A4F-A5EC-AA36DC404A49}.Release|Any CPU.Build.0 = Release|Any CPU
		{5181F362-4A36-4E95-9C39-6F799EE87A0A}.Debug|Any CPU.ActiveCfg = Debug|Any CPU
		{5181F362-4A36-4E95-9C39-6F799EE87A0A}.Debug|Any CPU.Build.0 = Debug|Any CPU
		{5181F362-4A36-4E95-9C39-6F799EE87A0A}.Release|Any CPU.ActiveCfg = Release|Any CPU
		{5181F362-4A36-4E95-9C39-6F799EE87A0A}.Release|Any CPU.Build.0 = Release|Any CPU
		{EEA74F3C-F9C0-4C9E-98BB-7C51ECC51D69}.Debug|Any CPU.ActiveCfg = Debug|Any CPU
		{EEA74F3C-F9C0-4C9E-98BB-7C51ECC51D69}.Debug|Any CPU.Build.0 = Debug|Any CPU
		{EEA74F3C-F9C0-4C9E-98BB-7C51ECC51D69}.Release|Any CPU.ActiveCfg = Release|Any CPU
		{EEA74F3C-F9C0-4C9E-98BB-7C51ECC51D69}.Release|Any CPU.Build.0 = Release|Any CPU
		{9ACD588C-1767-417C-A8B3-41A4281DFC8A}.Debug|Any CPU.ActiveCfg = Debug|Any CPU
		{9ACD588C-1767-417C-A8B3-41A4281DFC8A}.Debug|Any CPU.Build.0 = Debug|Any CPU
		{9ACD588C-1767-417C-A8B3-41A4281DFC8A}.Release|Any CPU.ActiveCfg = Release|Any CPU
		{9ACD588C-1767-417C-A8B3-41A4281DFC8A}.Release|Any CPU.Build.0 = Release|Any CPU
	EndGlobalSection
	GlobalSection(SolutionProperties) = preSolution
		HideSolutionNode = FALSE
	EndGlobalSection
	GlobalSection(NestedProjects) = preSolution
		{CA52877B-006C-4911-8803-3F8C17187B49} = {0DFE272A-F760-4F66-AC10-38DE74A5BF0F}
		{4A77A812-C884-446B-911F-04A9A88BD5C4} = {0DFE272A-F760-4F66-AC10-38DE74A5BF0F}
		{0C7243F5-2826-491A-9AB4-AE190C096D1F} = {0DFE272A-F760-4F66-AC10-38DE74A5BF0F}
		{513635E0-65E5-4F2E-B2D0-A3A3F4C3AEDF} = {0DFE272A-F760-4F66-AC10-38DE74A5BF0F}
		{FD870C91-3E92-4BE2-BB3C-CB7AC9F582C2} = {86858F5A-E745-467B-A441-9528F2929D83}
		{4F79012B-218A-47FF-8D41-E5F279DCEDB3} = {86858F5A-E745-467B-A441-9528F2929D83}
		{2D1E6D36-E00A-49EB-A660-65EA208B4BAC} = {86858F5A-E745-467B-A441-9528F2929D83}
		{2D9366CC-BE19-41A7-A795-C1332C0637D4} = {86858F5A-E745-467B-A441-9528F2929D83}
		{AD483CEB-6AE7-4A4F-A5EC-AA36DC404A49} = {6CC6D2BC-7BB1-4FD2-BF70-274CCC2A498F}
		{5181F362-4A36-4E95-9C39-6F799EE87A0A} = {6CC6D2BC-7BB1-4FD2-BF70-274CCC2A498F}
		{EEA74F3C-F9C0-4C9E-98BB-7C51ECC51D69} = {6CC6D2BC-7BB1-4FD2-BF70-274CCC2A498F}
		{9ACD588C-1767-417C-A8B3-41A4281DFC8A} = {6CC6D2BC-7BB1-4FD2-BF70-274CCC2A498F}
	EndGlobalSection
	GlobalSection(ExtensibilityGlobals) = postSolution
		SolutionGuid = {180BF0AB-A701-4FC3-B1CE-A3BBCC4C9370}
	EndGlobalSection
EndGlobal
